
Microsoft Visual Studio Solution File, Format Version 12.00
# Visual Studio Version 16
VisualStudioVersion = 16.0.29215.179
MinimumVisualStudioVersion = 10.0.40219.1
Project("{FAE04EC0-301F-11D3-BF4B-00C04F79EFBC}") = "XbimDemoWebApp", "XbimDemoWebApp\XbimDemoWebApp.csproj", "{5DD1D374-715C-44DF-8BC7-24FF1A1AE9AE}"
EndProject
Project("{2150E333-8FDC-42A3-9474-1A3956D46DE8}") = "Solution Items", "Solution Items", "{3E49283E-16A0-4013-A293-08B01DCFE01E}"
	ProjectSection(SolutionItems) = preProject
		License.md = License.md
		README.md = README.md
	EndProjectSection
EndProject
Global
	GlobalSection(SolutionConfigurationPlatforms) = preSolution
		Debug|Any CPU = Debug|Any CPU
		Debug|x64 = Debug|x64
		Debug|x86 = Debug|x86
		Release|Any CPU = Release|Any CPU
		Release|x64 = Release|x64
		Release|x86 = Release|x86
	EndGlobalSection
	GlobalSection(ProjectConfigurationPlatforms) = postSolution
		{5DD1D374-715C-44DF-8BC7-24FF1A1AE9AE}.Debug|Any CPU.ActiveCfg = Debug|Any CPU
		{5DD1D374-715C-44DF-8BC7-24FF1A1AE9AE}.Debug|Any CPU.Build.0 = Debug|Any CPU
		{5DD1D374-715C-44DF-8BC7-24FF1A1AE9AE}.Debug|x64.ActiveCfg = Debug|x64
		{5DD1D374-715C-44DF-8BC7-24FF1A1AE9AE}.Debug|x64.Build.0 = Debug|x64
		{5DD1D374-715C-44DF-8BC7-24FF1A1AE9AE}.Debug|x86.ActiveCfg = Debug|x86
		{5DD1D374-715C-44DF-8BC7-24FF1A1AE9AE}.Debug|x86.Build.0 = Debug|x86
		{5DD1D374-715C-44DF-8BC7-24FF1A1AE9AE}.Release|Any CPU.ActiveCfg = Release|Any CPU
		{5DD1D374-715C-44DF-8BC7-24FF1A1AE9AE}.Release|Any CPU.Build.0 = Release|Any CPU
		{5DD1D374-715C-44DF-8BC7-24FF1A1AE9AE}.Release|x64.ActiveCfg = Release|x64
		{5DD1D374-715C-44DF-8BC7-24FF1A1AE9AE}.Release|x64.Build.0 = Release|x64
		{5DD1D374-715C-44DF-8BC7-24FF1A1AE9AE}.Release|x86.ActiveCfg = Release|x86
		{5DD1D374-715C-44DF-8BC7-24FF1A1AE9AE}.Release|x86.Build.0 = Release|x86
	EndGlobalSection
	GlobalSection(SolutionProperties) = preSolution
		HideSolutionNode = FALSE
	EndGlobalSection
	GlobalSection(ExtensibilityGlobals) = postSolution
		SolutionGuid = {DEFBF439-1543-4CD2-BA9F-2C0488B2408E}
	EndGlobalSection
EndGlobal
